// !$*UTF8*$!
{
	archiveVersion = 1;
	classes = {
	};
	objectVersion = 55;
	objects = {

/* Begin PBXBuildFile section */
		3DFE60FBC345218BC31863B1 /* Pods_MOONCIFilter.framework in Frameworks */ = {isa = PBXBuildFile; fileRef = 497859AAD4AF4DEA53B5CC37 /* Pods_MOONCIFilter.framework */; };
		88BB0E4E2A45FEAF00E56F56 /* photoPreview.swift in Sources */ = {isa = PBXBuildFile; fileRef = 88BB0E4D2A45FEAF00E56F56 /* photoPreview.swift */; };
		88BB0E502A46B80000E56F56 /* ChainViewController.swift in Sources */ = {isa = PBXBuildFile; fileRef = 88BB0E4F2A46B7FF00E56F56 /* ChainViewController.swift */; };
		88BB0E522A46B92C00E56F56 /* FilterModels.swift in Sources */ = {isa = PBXBuildFile; fileRef = 88BB0E512A46B92C00E56F56 /* FilterModels.swift */; };
		88BB0E542A46BE4000E56F56 /* DetailViewController.swift in Sources */ = {isa = PBXBuildFile; fileRef = 88BB0E532A46BE4000E56F56 /* DetailViewController.swift */; };
		88BB0E562A46F94F00E56F56 /* MAFTransaction.swift in Sources */ = {isa = PBXBuildFile; fileRef = 88BB0E552A46F94F00E56F56 /* MAFTransaction.swift */; };
		A2329C482A47EEDB00E5044C /* CustomNavigationView.swift in Sources */ = {isa = PBXBuildFile; fileRef = A2329C472A47EEDB00E5044C /* CustomNavigationView.swift */; };
		A2329C4A2A47EF5800E5044C /* MAFColorAdapter.swift in Sources */ = {isa = PBXBuildFile; fileRef = A2329C492A47EF5800E5044C /* MAFColorAdapter.swift */; };
		A2A5F1B02A4308AE00622F83 /* AppDelegate.swift in Sources */ = {isa = PBXBuildFile; fileRef = A2A5F1AF2A4308AE00622F83 /* AppDelegate.swift */; };
		A2A5F1B92A4308AF00622F83 /* Assets.xcassets in Resources */ = {isa = PBXBuildFile; fileRef = A2A5F1B82A4308AF00622F83 /* Assets.xcassets */; };
		A2A5F1BC2A4308AF00622F83 /* LaunchScreen.storyboard in Resources */ = {isa = PBXBuildFile; fileRef = A2A5F1BA2A4308AF00622F83 /* LaunchScreen.storyboard */; };
		A2A5F1C42A430AEB00622F83 /* MainViewController.swift in Sources */ = {isa = PBXBuildFile; fileRef = A2A5F1C32A430AEB00622F83 /* MainViewController.swift */; };
/* End PBXBuildFile section */

/* Begin PBXFileReference section */
		497859AAD4AF4DEA53B5CC37 /* Pods_MOONCIFilter.framework */ = {isa = PBXFileReference; explicitFileType = wrapper.framework; includeInIndex = 0; path = Pods_MOONCIFilter.framework; sourceTree = BUILT_PRODUCTS_DIR; };
		81484E0364CC0D67D4D20762 /* Pods-MOONCIFilter.debug.xcconfig */ = {isa = PBXFileReference; includeInIndex = 1; lastKnownFileType = text.xcconfig; name = "Pods-MOONCIFilter.debug.xcconfig"; path = "Target Support Files/Pods-MOONCIFilter/Pods-MOONCIFilter.debug.xcconfig"; sourceTree = "<group>"; };
		88BB0E4D2A45FEAF00E56F56 /* photoPreview.swift */ = {isa = PBXFileReference; lastKnownFileType = sourcecode.swift; path = photoPreview.swift; sourceTree = "<group>"; };
		88BB0E4F2A46B7FF00E56F56 /* ChainViewController.swift */ = {isa = PBXFileReference; lastKnownFileType = sourcecode.swift; path = ChainViewController.swift; sourceTree = "<group>"; };
		88BB0E512A46B92C00E56F56 /* FilterModels.swift */ = {isa = PBXFileReference; lastKnownFileType = sourcecode.swift; path = FilterModels.swift; sourceTree = "<group>"; };
		88BB0E532A46BE4000E56F56 /* DetailViewController.swift */ = {isa = PBXFileReference; lastKnownFileType = sourcecode.swift; path = DetailViewController.swift; sourceTree = "<group>"; };
		88BB0E552A46F94F00E56F56 /* MAFTransaction.swift */ = {isa = PBXFileReference; lastKnownFileType = sourcecode.swift; path = MAFTransaction.swift; sourceTree = "<group>"; };
		97AF038DED0D4662B8D3935D /* Pods-MOONCIFilter.release.xcconfig */ = {isa = PBXFileReference; includeInIndex = 1; lastKnownFileType = text.xcconfig; name = "Pods-MOONCIFilter.release.xcconfig"; path = "Target Support Files/Pods-MOONCIFilter/Pods-MOONCIFilter.release.xcconfig"; sourceTree = "<group>"; };
		A2329C472A47EEDB00E5044C /* CustomNavigationView.swift */ = {isa = PBXFileReference; lastKnownFileType = sourcecode.swift; path = CustomNavigationView.swift; sourceTree = "<group>"; };
		A2329C492A47EF5800E5044C /* MAFColorAdapter.swift */ = {isa = PBXFileReference; lastKnownFileType = sourcecode.swift; path = MAFColorAdapter.swift; sourceTree = "<group>"; };
		A2A5F1AC2A4308AE00622F83 /* MOONCIFilter.app */ = {isa = PBXFileReference; explicitFileType = wrapper.application; includeInIndex = 0; path = MOONCIFilter.app; sourceTree = BUILT_PRODUCTS_DIR; };
		A2A5F1AF2A4308AE00622F83 /* AppDelegate.swift */ = {isa = PBXFileReference; lastKnownFileType = sourcecode.swift; path = AppDelegate.swift; sourceTree = "<group>"; };
		A2A5F1B82A4308AF00622F83 /* Assets.xcassets */ = {isa = PBXFileReference; lastKnownFileType = folder.assetcatalog; path = Assets.xcassets; sourceTree = "<group>"; };
		A2A5F1BB2A4308AF00622F83 /* Base */ = {isa = PBXFileReference; lastKnownFileType = file.storyboard; name = Base; path = Base.lproj/LaunchScreen.storyboard; sourceTree = "<group>"; };
		A2A5F1BD2A4308AF00622F83 /* Info.plist */ = {isa = PBXFileReference; lastKnownFileType = text.plist.xml; path = Info.plist; sourceTree = "<group>"; };
		A2A5F1C32A430AEB00622F83 /* MainViewController.swift */ = {isa = PBXFileReference; lastKnownFileType = sourcecode.swift; path = MainViewController.swift; sourceTree = "<group>"; };
/* End PBXFileReference section */

/* Begin PBXFrameworksBuildPhase section */
		A2A5F1A92A4308AE00622F83 /* Frameworks */ = {
			isa = PBXFrameworksBuildPhase;
			buildActionMask = 2147483647;
			files = (
				3DFE60FBC345218BC31863B1 /* Pods_MOONCIFilter.framework in Frameworks */,
			);
			runOnlyForDeploymentPostprocessing = 0;
		};
/* End PBXFrameworksBuildPhase section */

/* Begin PBXGroup section */
		5629D1BA42FBFCE3319C17E2 /* Pods */ = {
			isa = PBXGroup;
			children = (
				81484E0364CC0D67D4D20762 /* Pods-MOONCIFilter.debug.xcconfig */,
				97AF038DED0D4662B8D3935D /* Pods-MOONCIFilter.release.xcconfig */,
			);
			path = Pods;
			sourceTree = "<group>";
		};
		6F9CA52FB8EC0E98AF8E570B /* Frameworks */ = {
			isa = PBXGroup;
			children = (
				497859AAD4AF4DEA53B5CC37 /* Pods_MOONCIFilter.framework */,
			);
			name = Frameworks;
			sourceTree = "<group>";
		};
		A2329C4B2A47EF6200E5044C /* MAF */ = {
			isa = PBXGroup;
			children = (
				88BB0E552A46F94F00E56F56 /* MAFTransaction.swift */,
				A2329C492A47EF5800E5044C /* MAFColorAdapter.swift */,
			);
			path = MAF;
			sourceTree = "<group>";
		};
		A2A5F1A32A4308AD00622F83 = {
			isa = PBXGroup;
			children = (
				A2A5F1AE2A4308AE00622F83 /* MOONCIFilter */,
				A2A5F1AD2A4308AE00622F83 /* Products */,
				5629D1BA42FBFCE3319C17E2 /* Pods */,
				6F9CA52FB8EC0E98AF8E570B /* Frameworks */,
			);
			sourceTree = "<group>";
		};
		A2A5F1AD2A4308AE00622F83 /* Products */ = {
			isa = PBXGroup;
			children = (
				A2A5F1AC2A4308AE00622F83 /* MOONCIFilter.app */,
			);
			name = Products;
			sourceTree = "<group>";
		};
		A2A5F1AE2A4308AE00622F83 /* MOONCIFilter */ = {
			isa = PBXGroup;
			children = (
				A2329C4B2A47EF6200E5044C /* MAF */,
				A2A5F1AF2A4308AE00622F83 /* AppDelegate.swift */,
				A2A5F1B82A4308AF00622F83 /* Assets.xcassets */,
				A2A5F1BA2A4308AF00622F83 /* LaunchScreen.storyboard */,
				A2A5F1BD2A4308AF00622F83 /* Info.plist */,
				A2A5F1C32A430AEB00622F83 /* MainViewController.swift */,
				88BB0E4D2A45FEAF00E56F56 /* photoPreview.swift */,
				88BB0E4F2A46B7FF00E56F56 /* ChainViewController.swift */,
				88BB0E532A46BE4000E56F56 /* DetailViewController.swift */,
				88BB0E512A46B92C00E56F56 /* FilterModels.swift */,
				A2329C472A47EEDB00E5044C /* CustomNavigationView.swift */,
			);
			path = MOONCIFilter;
			sourceTree = "<group>";
		};
/* End PBXGroup section */

/* Begin PBXNativeTarget section */
		A2A5F1AB2A4308AE00622F83 /* MOONCIFilter */ = {
			isa = PBXNativeTarget;
			buildConfigurationList = A2A5F1C02A4308AF00622F83 /* Build configuration list for PBXNativeTarget "MOONCIFilter" */;
			buildPhases = (
				E58F07A3BD2C0F20D81ECD5A /* [CP] Check Pods Manifest.lock */,
				A2A5F1A82A4308AE00622F83 /* Sources */,
				A2A5F1A92A4308AE00622F83 /* Frameworks */,
				A2A5F1AA2A4308AE00622F83 /* Resources */,
				2CCA191A34E288608B9CE27F /* [CP] Embed Pods Frameworks */,
			);
			buildRules = (
			);
			dependencies = (
			);
			name = MOONCIFilter;
			productName = MOONCIFilter;
			productReference = A2A5F1AC2A4308AE00622F83 /* MOONCIFilter.app */;
			productType = "com.apple.product-type.application";
		};
/* End PBXNativeTarget section */

/* Begin PBXProject section */
		A2A5F1A42A4308AD00622F83 /* Project object */ = {
			isa = PBXProject;
			attributes = {
				BuildIndependentTargetsInParallel = 1;
				LastSwiftUpdateCheck = 1430;
				LastUpgradeCheck = 1430;
				TargetAttributes = {
					A2A5F1AB2A4308AE00622F83 = {
						CreatedOnToolsVersion = 14.3;
					};
				};
			};
			buildConfigurationList = A2A5F1A72A4308AD00622F83 /* Build configuration list for PBXProject "MOONCIFilter" */;
			compatibilityVersion = "Xcode 13.0";
			developmentRegion = en;
			hasScannedForEncodings = 0;
			knownRegions = (
				en,
				Base,
			);
			mainGroup = A2A5F1A32A4308AD00622F83;
			productRefGroup = A2A5F1AD2A4308AE00622F83 /* Products */;
			projectDirPath = "";
			projectRoot = "";
			targets = (
				A2A5F1AB2A4308AE00622F83 /* MOONCIFilter */,
			);
		};
/* End PBXProject section */

/* Begin PBXResourcesBuildPhase section */
		A2A5F1AA2A4308AE00622F83 /* Resources */ = {
			isa = PBXResourcesBuildPhase;
			buildActionMask = 2147483647;
			files = (
				A2A5F1BC2A4308AF00622F83 /* LaunchScreen.storyboard in Resources */,
				A2A5F1B92A4308AF00622F83 /* Assets.xcassets in Resources */,
			);
			runOnlyForDeploymentPostprocessing = 0;
		};
/* End PBXResourcesBuildPhase section */

/* Begin PBXShellScriptBuildPhase section */
		2CCA191A34E288608B9CE27F /* [CP] Embed Pods Frameworks */ = {
			isa = PBXShellScriptBuildPhase;
			buildActionMask = 2147483647;
			files = (
			);
			inputFileListPaths = (
				"${PODS_ROOT}/Target Support Files/Pods-MOONCIFilter/Pods-MOONCIFilter-frameworks-${CONFIGURATION}-input-files.xcfilelist",
			);
			name = "[CP] Embed Pods Frameworks";
			outputFileListPaths = (
				"${PODS_ROOT}/Target Support Files/Pods-MOONCIFilter/Pods-MOONCIFilter-frameworks-${CONFIGURATION}-output-files.xcfilelist",
			);
			runOnlyForDeploymentPostprocessing = 0;
			shellPath = /bin/sh;
			shellScript = "\"${PODS_ROOT}/Target Support Files/Pods-MOONCIFilter/Pods-MOONCIFilter-frameworks.sh\"\n";
			showEnvVarsInLog = 0;
		};
		E58F07A3BD2C0F20D81ECD5A /* [CP] Check Pods Manifest.lock */ = {
			isa = PBXShellScriptBuildPhase;
			buildActionMask = 2147483647;
			files = (
			);
			inputFileListPaths = (
			);
			inputPaths = (
				"${PODS_PODFILE_DIR_PATH}/Podfile.lock",
				"${PODS_ROOT}/Manifest.lock",
			);
			name = "[CP] Check Pods Manifest.lock";
			outputFileListPaths = (
			);
			outputPaths = (
				"$(DERIVED_FILE_DIR)/Pods-MOONCIFilter-checkManifestLockResult.txt",
			);
			runOnlyForDeploymentPostprocessing = 0;
			shellPath = /bin/sh;
			shellScript = "diff \"${PODS_PODFILE_DIR_PATH}/Podfile.lock\" \"${PODS_ROOT}/Manifest.lock\" > /dev/null\nif [ $? != 0 ] ; then\n    # print error to STDERR\n    echo \"error: The sandbox is not in sync with the Podfile.lock. Run 'pod install' or update your CocoaPods installation.\" >&2\n    exit 1\nfi\n# This output is used by Xcode 'outputs' to avoid re-running this script phase.\necho \"SUCCESS\" > \"${SCRIPT_OUTPUT_FILE_0}\"\n";
			showEnvVarsInLog = 0;
		};
/* End PBXShellScriptBuildPhase section */

/* Begin PBXSourcesBuildPhase section */
		A2A5F1A82A4308AE00622F83 /* Sources */ = {
			isa = PBXSourcesBuildPhase;
			buildActionMask = 2147483647;
			files = (
				A2A5F1C42A430AEB00622F83 /* MainViewController.swift in Sources */,
				88BB0E562A46F94F00E56F56 /* MAFTransaction.swift in Sources */,
				A2329C4A2A47EF5800E5044C /* MAFColorAdapter.swift in Sources */,
				88BB0E4E2A45FEAF00E56F56 /* photoPreview.swift in Sources */,
				A2329C482A47EEDB00E5044C /* CustomNavigationView.swift in Sources */,
				88BB0E502A46B80000E56F56 /* ChainViewController.swift in Sources */,
				88BB0E522A46B92C00E56F56 /* FilterModels.swift in Sources */,
				A2A5F1B02A4308AE00622F83 /* AppDelegate.swift in Sources */,
				88BB0E542A46BE4000E56F56 /* DetailViewController.swift in Sources */,
			);
			runOnlyForDeploymentPostprocessing = 0;
		};
/* End PBXSourcesBuildPhase section */

/* Begin PBXVariantGroup section */
		A2A5F1BA2A4308AF00622F83 /* LaunchScreen.storyboard */ = {
			isa = PBXVariantGroup;
			children = (
				A2A5F1BB2A4308AF00622F83 /* Base */,
			);
			name = LaunchScreen.storyboard;
			sourceTree = "<group>";
		};
/* End PBXVariantGroup section */

/* Begin XCBuildConfiguration section */
		A2A5F1BE2A4308AF00622F83 /* Debug */ = {
			isa = XCBuildConfiguration;
			buildSettings = {
				ALWAYS_SEARCH_USER_PATHS = NO;
				CLANG_ANALYZER_NONNULL = YES;
				CLANG_ANALYZER_NUMBER_OBJECT_CONVERSION = YES_AGGRESSIVE;
				CLANG_CXX_LANGUAGE_STANDARD = "gnu++20";
				CLANG_ENABLE_MODULES = YES;
				CLANG_ENABLE_OBJC_ARC = YES;
				CLANG_ENABLE_OBJC_WEAK = YES;
				CLANG_WARN_BLOCK_CAPTURE_AUTORELEASING = YES;
				CLANG_WARN_BOOL_CONVERSION = YES;
				CLANG_WARN_COMMA = YES;
				CLANG_WARN_CONSTANT_CONVERSION = YES;
				CLANG_WARN_DEPRECATED_OBJC_IMPLEMENTATIONS = YES;
				CLANG_WARN_DIRECT_OBJC_ISA_USAGE = YES_ERROR;
				CLANG_WARN_DOCUMENTATION_COMMENTS = YES;
				CLANG_WARN_EMPTY_BODY = YES;
				CLANG_WARN_ENUM_CONVERSION = YES;
				CLANG_WARN_INFINITE_RECURSION = YES;
				CLANG_WARN_INT_CONVERSION = YES;
				CLANG_WARN_NON_LITERAL_NULL_CONVERSION = YES;
				CLANG_WARN_OBJC_IMPLICIT_RETAIN_SELF = YES;
				CLANG_WARN_OBJC_LITERAL_CONVERSION = YES;
				CLANG_WARN_OBJC_ROOT_CLASS = YES_ERROR;
				CLANG_WARN_QUOTED_INCLUDE_IN_FRAMEWORK_HEADER = YES;
				CLANG_WARN_RANGE_LOOP_ANALYSIS = YES;
				CLANG_WARN_STRICT_PROTOTYPES = YES;
				CLANG_WARN_SUSPICIOUS_MOVE = YES;
				CLANG_WARN_UNGUARDED_AVAILABILITY = YES_AGGRESSIVE;
				CLANG_WARN_UNREACHABLE_CODE = YES;
				CLANG_WARN__DUPLICATE_METHOD_MATCH = YES;
				COPY_PHASE_STRIP = NO;
				DEBUG_INFORMATION_FORMAT = dwarf;
				ENABLE_STRICT_OBJC_MSGSEND = YES;
				ENABLE_TESTABILITY = YES;
				GCC_C_LANGUAGE_STANDARD = gnu11;
				GCC_DYNAMIC_NO_PIC = NO;
				GCC_NO_COMMON_BLOCKS = YES;
				GCC_OPTIMIZATION_LEVEL = 0;
				GCC_PREPROCESSOR_DEFINITIONS = (
					"DEBUG=1",
					"$(inherited)",
				);
				GCC_WARN_64_TO_32_BIT_CONVERSION = YES;
				GCC_WARN_ABOUT_RETURN_TYPE = YES_ERROR;
				GCC_WARN_UNDECLARED_SELECTOR = YES;
				GCC_WARN_UNINITIALIZED_AUTOS = YES_AGGRESSIVE;
				GCC_WARN_UNUSED_FUNCTION = YES;
				GCC_WARN_UNUSED_VARIABLE = YES;
				IPHONEOS_DEPLOYMENT_TARGET = 16.4;
				MTL_ENABLE_DEBUG_INFO = INCLUDE_SOURCE;
				MTL_FAST_MATH = YES;
				ONLY_ACTIVE_ARCH = YES;
				SDKROOT = iphoneos;
				SWIFT_ACTIVE_COMPILATION_CONDITIONS = DEBUG;
				SWIFT_OPTIMIZATION_LEVEL = "-Onone";
			};
			name = Debug;
		};
		A2A5F1BF2A4308AF00622F83 /* Release */ = {
			isa = XCBuildConfiguration;
			buildSettings = {
				ALWAYS_SEARCH_USER_PATHS = NO;
				CLANG_ANALYZER_NONNULL = YES;
				CLANG_ANALYZER_NUMBER_OBJECT_CONVERSION = YES_AGGRESSIVE;
				CLANG_CXX_LANGUAGE_STANDARD = "gnu++20";
				CLANG_ENABLE_MODULES = YES;
				CLANG_ENABLE_OBJC_ARC = YES;
				CLANG_ENABLE_OBJC_WEAK = YES;
				CLANG_WARN_BLOCK_CAPTURE_AUTORELEASING = YES;
				CLANG_WARN_BOOL_CONVERSION = YES;
				CLANG_WARN_COMMA = YES;
				CLANG_WARN_CONSTANT_CONVERSION = YES;
				CLANG_WARN_DEPRECATED_OBJC_IMPLEMENTATIONS = YES;
				CLANG_WARN_DIRECT_OBJC_ISA_USAGE = YES_ERROR;
				CLANG_WARN_DOCUMENTATION_COMMENTS = YES;
				CLANG_WARN_EMPTY_BODY = YES;
				CLANG_WARN_ENUM_CONVERSION = YES;
				CLANG_WARN_INFINITE_RECURSION = YES;
				CLANG_WARN_INT_CONVERSION = YES;
				CLANG_WARN_NON_LITERAL_NULL_CONVERSION = YES;
				CLANG_WARN_OBJC_IMPLICIT_RETAIN_SELF = YES;
				CLANG_WARN_OBJC_LITERAL_CONVERSION = YES;
				CLANG_WARN_OBJC_ROOT_CLASS = YES_ERROR;
				CLANG_WARN_QUOTED_INCLUDE_IN_FRAMEWORK_HEADER = YES;
				CLANG_WARN_RANGE_LOOP_ANALYSIS = YES;
				CLANG_WARN_STRICT_PROTOTYPES = YES;
				CLANG_WARN_SUSPICIOUS_MOVE = YES;
				CLANG_WARN_UNGUARDED_AVAILABILITY = YES_AGGRESSIVE;
				CLANG_WARN_UNREACHABLE_CODE = YES;
				CLANG_WARN__DUPLICATE_METHOD_MATCH = YES;
				COPY_PHASE_STRIP = NO;
				DEBUG_INFORMATION_FORMAT = "dwarf-with-dsym";
				ENABLE_NS_ASSERTIONS = NO;
				ENABLE_STRICT_OBJC_MSGSEND = YES;
				GCC_C_LANGUAGE_STANDARD = gnu11;
				GCC_NO_COMMON_BLOCKS = YES;
				GCC_WARN_64_TO_32_BIT_CONVERSION = YES;
				GCC_WARN_ABOUT_RETURN_TYPE = YES_ERROR;
				GCC_WARN_UNDECLARED_SELECTOR = YES;
				GCC_WARN_UNINITIALIZED_AUTOS = YES_AGGRESSIVE;
				GCC_WARN_UNUSED_FUNCTION = YES;
				GCC_WARN_UNUSED_VARIABLE = YES;
				IPHONEOS_DEPLOYMENT_TARGET = 16.4;
				MTL_ENABLE_DEBUG_INFO = NO;
				MTL_FAST_MATH = YES;
				SDKROOT = iphoneos;
				SWIFT_COMPILATION_MODE = wholemodule;
				SWIFT_OPTIMIZATION_LEVEL = "-O";
				VALIDATE_PRODUCT = YES;
			};
			name = Release;
		};
		A2A5F1C12A4308AF00622F83 /* Debug */ = {
			isa = XCBuildConfiguration;
			baseConfigurationReference = 81484E0364CC0D67D4D20762 /* Pods-MOONCIFilter.debug.xcconfig */;
			buildSettings = {
				ASSETCATALOG_COMPILER_APPICON_NAME = AppIcon;
				ASSETCATALOG_COMPILER_GLOBAL_ACCENT_COLOR_NAME = AccentColor;
				CODE_SIGN_STYLE = Automatic;
				CURRENT_PROJECT_VERSION = 1;
				DEVELOPMENT_TEAM = 2J25KWTFJ2;
				GENERATE_INFOPLIST_FILE = NO;
				INFOPLIST_FILE = MOONCIFilter/Info.plist;
				INFOPLIST_KEY_UILaunchStoryboardName = LaunchScreen;
				INFOPLIST_KEY_UISupportedInterfaceOrientations_iPad = "UIInterfaceOrientationPortrait UIInterfaceOrientationPortraitUpsideDown UIInterfaceOrientationLandscapeLeft UIInterfaceOrientationLandscapeRight";
				INFOPLIST_KEY_UISupportedInterfaceOrientations_iPhone = "UIInterfaceOrientationPortrait UIInterfaceOrientationLandscapeLeft UIInterfaceOrientationLandscapeRight";
				IPHONEOS_DEPLOYMENT_TARGET = 12.0;
				LD_RUNPATH_SEARCH_PATHS = (
					"$(inherited)",
					"@executable_path/Frameworks",
				);
				MARKETING_VERSION = 1.0;
				PRODUCT_BUNDLE_IDENTIFIER = com.moonShadow.mooncifilter.MOONCIFilter;
				PRODUCT_NAME = "$(TARGET_NAME)";
				SWIFT_EMIT_LOC_STRINGS = YES;
				SWIFT_VERSION = 5.0;
				TARGETED_DEVICE_FAMILY = "1,2";
			};
			name = Debug;
		};
		A2A5F1C22A4308AF00622F83 /* Release */ = {
			isa = XCBuildConfiguration;
			baseConfigurationReference = 97AF038DED0D4662B8D3935D /* Pods-MOONCIFilter.release.xcconfig */;
			buildSettings = {
				ASSETCATALOG_COMPILER_APPICON_NAME = AppIcon;
				ASSETCATALOG_COMPILER_GLOBAL_ACCENT_COLOR_NAME = AccentColor;
				CODE_SIGN_STYLE = Automatic;
				CURRENT_PROJECT_VERSION = 1;
				DEVELOPMENT_TEAM = 2J25KWTFJ2;
				GENERATE_INFOPLIST_FILE = NO;
				INFOPLIST_FILE = MOONCIFilter/Info.plist;
				INFOPLIST_KEY_UILaunchStoryboardName = LaunchScreen;
				INFOPLIST_KEY_UISupportedInterfaceOrientations_iPad = "UIInterfaceOrientationPortrait UIInterfaceOrientationPortraitUpsideDown UIInterfaceOrientationLandscapeLeft UIInterfaceOrientationLandscapeRight";
				INFOPLIST_KEY_UISupportedInterfaceOrientations_iPhone = "UIInterfaceOrientationPortrait UIInterfaceOrientationLandscapeLeft UIInterfaceOrientationLandscapeRight";
				IPHONEOS_DEPLOYMENT_TARGET = 12.0;
				LD_RUNPATH_SEARCH_PATHS = (
					"$(inherited)",
					"@executable_path/Frameworks",
				);
				MARKETING_VERSION = 1.0;
				PRODUCT_BUNDLE_IDENTIFIER = com.moonShadow.mooncifilter.MOONCIFilter;
				PRODUCT_NAME = "$(TARGET_NAME)";
				SWIFT_EMIT_LOC_STRINGS = YES;
				SWIFT_VERSION = 5.0;
				TARGETED_DEVICE_FAMILY = "1,2";
			};
			name = Release;
		};
/* End XCBuildConfiguration section */

/* Begin XCConfigurationList section */
		A2A5F1A72A4308AD00622F83 /* Build configuration list for PBXProject "MOONCIFilter" */ = {
			isa = XCConfigurationList;
			buildConfigurations = (
				A2A5F1BE2A4308AF00622F83 /* Debug */,
				A2A5F1BF2A4308AF00622F83 /* Release */,
			);
			defaultConfigurationIsVisible = 0;
			defaultConfigurationName = Release;
		};
		A2A5F1C02A4308AF00622F83 /* Build configuration list for PBXNativeTarget "MOONCIFilter" */ = {
			isa = XCConfigurationList;
			buildConfigurations = (
				A2A5F1C12A4308AF00622F83 /* Debug */,
				A2A5F1C22A4308AF00622F83 /* Release */,
			);
			defaultConfigurationIsVisible = 0;
			defaultConfigurationName = Release;
		};
/* End XCConfigurationList section */
	};
	rootObject = A2A5F1A42A4308AD00622F83 /* Project object */;
}
